// !$*UTF8*$!
{
	archiveVersion = 1;
	classes = {
	};
	objectVersion = 48;
	objects = {

/* Begin PBXBuildFile section */
		7CA7621A1FAFFC2C00088FA2 /* AppDelegate.swift in Sources */ = {isa = PBXBuildFile; fileRef = 7CA762191FAFFC2C00088FA2 /* AppDelegate.swift */; };
		7CA7621C1FAFFC2C00088FA2 /* ViewController.swift in Sources */ = {isa = PBXBuildFile; fileRef = 7CA7621B1FAFFC2C00088FA2 /* ViewController.swift */; };
		7CA7621F1FAFFC2C00088FA2 /* Main.storyboard in Resources */ = {isa = PBXBuildFile; fileRef = 7CA7621D1FAFFC2C00088FA2 /* Main.storyboard */; };
		7CA762211FAFFC2C00088FA2 /* Assets.xcassets in Resources */ = {isa = PBXBuildFile; fileRef = 7CA762201FAFFC2C00088FA2 /* Assets.xcassets */; };
		7CA762241FAFFC2C00088FA2 /* LaunchScreen.storyboard in Resources */ = {isa = PBXBuildFile; fileRef = 7CA762221FAFFC2C00088FA2 /* LaunchScreen.storyboard */; };
		7CA7622F1FAFFC2C00088FA2 /* ConwayLifeTests.swift in Sources */ = {isa = PBXBuildFile; fileRef = 7CA7622E1FAFFC2C00088FA2 /* ConwayLifeTests.swift */; };
		7CA7623A1FAFFC2C00088FA2 /* ConwayLifeUITests.swift in Sources */ = {isa = PBXBuildFile; fileRef = 7CA762391FAFFC2C00088FA2 /* ConwayLifeUITests.swift */; };
/* End PBXBuildFile section */

/* Begin PBXContainerItemProxy section */
		7CA7622B1FAFFC2C00088FA2 /* PBXContainerItemProxy */ = {
			isa = PBXContainerItemProxy;
			containerPortal = 7CA7620E1FAFFC2C00088FA2 /* Project object */;
			proxyType = 1;
			remoteGlobalIDString = 7CA762151FAFFC2C00088FA2;
			remoteInfo = ConwayLife;
		};
		7CA762361FAFFC2C00088FA2 /* PBXContainerItemProxy */ = {
			isa = PBXContainerItemProxy;
			containerPortal = 7CA7620E1FAFFC2C00088FA2 /* Project object */;
			proxyType = 1;
			remoteGlobalIDString = 7CA762151FAFFC2C00088FA2;
			remoteInfo = ConwayLife;
		};
/* End PBXContainerItemProxy section */

/* Begin PBXFileReference section */
		7CA762161FAFFC2C00088FA2 /* ConwayLife.app */ = {isa = PBXFileReference; explicitFileType = wrapper.application; includeInIndex = 0; path = ConwayLife.app; sourceTree = BUILT_PRODUCTS_DIR; };
		7CA762191FAFFC2C00088FA2 /* AppDelegate.swift */ = {isa = PBXFileReference; lastKnownFileType = sourcecode.swift; path = AppDelegate.swift; sourceTree = "<group>"; };
		7CA7621B1FAFFC2C00088FA2 /* ViewController.swift */ = {isa = PBXFileReference; lastKnownFileType = sourcecode.swift; path = ViewController.swift; sourceTree = "<group>"; };
		7CA7621E1FAFFC2C00088FA2 /* Base */ = {isa = PBXFileReference; lastKnownFileType = file.storyboard; name = Base; path = Base.lproj/Main.storyboard; sourceTree = "<group>"; };
		7CA762201FAFFC2C00088FA2 /* Assets.xcassets */ = {isa = PBXFileReference; lastKnownFileType = folder.assetcatalog; path = Assets.xcassets; sourceTree = "<group>"; };
		7CA762231FAFFC2C00088FA2 /* Base */ = {isa = PBXFileReference; lastKnownFileType = file.storyboard; name = Base; path = Base.lproj/LaunchScreen.storyboard; sourceTree = "<group>"; };
		7CA762251FAFFC2C00088FA2 /* Info.plist */ = {isa = PBXFileReference; lastKnownFileType = text.plist.xml; path = Info.plist; sourceTree = "<group>"; };
		7CA7622A1FAFFC2C00088FA2 /* ConwayLifeTests.xctest */ = {isa = PBXFileReference; explicitFileType = wrapper.cfbundle; includeInIndex = 0; path = ConwayLifeTests.xctest; sourceTree = BUILT_PRODUCTS_DIR; };
		7CA7622E1FAFFC2C00088FA2 /* ConwayLifeTests.swift */ = {isa = PBXFileReference; lastKnownFileType = sourcecode.swift; path = ConwayLifeTests.swift; sourceTree = "<group>"; };
		7CA762301FAFFC2C00088FA2 /* Info.plist */ = {isa = PBXFileReference; lastKnownFileType = text.plist.xml; path = Info.plist; sourceTree = "<group>"; };
		7CA762351FAFFC2C00088FA2 /* ConwayLifeUITests.xctest */ = {isa = PBXFileReference; explicitFileType = wrapper.cfbundle; includeInIndex = 0; path = ConwayLifeUITests.xctest; sourceTree = BUILT_PRODUCTS_DIR; };
		7CA762391FAFFC2C00088FA2 /* ConwayLifeUITests.swift */ = {isa = PBXFileReference; lastKnownFileType = sourcecode.swift; path = ConwayLifeUITests.swift; sourceTree = "<group>"; };
		7CA7623B1FAFFC2C00088FA2 /* Info.plist */ = {isa = PBXFileReference; lastKnownFileType = text.plist.xml; path = Info.plist; sourceTree = "<group>"; };
/* End PBXFileReference section */

/* Begin PBXFrameworksBuildPhase section */
		7CA762131FAFFC2C00088FA2 /* Frameworks */ = {
			isa = PBXFrameworksBuildPhase;
			buildActionMask = 2147483647;
			files = (
			);
			runOnlyForDeploymentPostprocessing = 0;
		};
		7CA762271FAFFC2C00088FA2 /* Frameworks */ = {
			isa = PBXFrameworksBuildPhase;
			buildActionMask = 2147483647;
			files = (
			);
			runOnlyForDeploymentPostprocessing = 0;
		};
		7CA762321FAFFC2C00088FA2 /* Frameworks */ = {
			isa = PBXFrameworksBuildPhase;
			buildActionMask = 2147483647;
			files = (
			);
			runOnlyForDeploymentPostprocessing = 0;
		};
/* End PBXFrameworksBuildPhase section */

/* Begin PBXGroup section */
		7CA7620D1FAFFC2C00088FA2 = {
			isa = PBXGroup;
			children = (
				7CA762181FAFFC2C00088FA2 /* ConwayLife */,
				7CA7622D1FAFFC2C00088FA2 /* ConwayLifeTests */,
				7CA762381FAFFC2C00088FA2 /* ConwayLifeUITests */,
				7CA762171FAFFC2C00088FA2 /* Products */,
			);
			sourceTree = "<group>";
		};
		7CA762171FAFFC2C00088FA2 /* Products */ = {
			isa = PBXGroup;
			children = (
				7CA762161FAFFC2C00088FA2 /* ConwayLife.app */,
				7CA7622A1FAFFC2C00088FA2 /* ConwayLifeTests.xctest */,
				7CA762351FAFFC2C00088FA2 /* ConwayLifeUITests.xctest */,
			);
			name = Products;
			sourceTree = "<group>";
		};
		7CA762181FAFFC2C00088FA2 /* ConwayLife */ = {
			isa = PBXGroup;
			children = (
				7CA762191FAFFC2C00088FA2 /* AppDelegate.swift */,
				7CA7621B1FAFFC2C00088FA2 /* ViewController.swift */,
				7CA7621D1FAFFC2C00088FA2 /* Main.storyboard */,
				7CA762201FAFFC2C00088FA2 /* Assets.xcassets */,
				7CA762221FAFFC2C00088FA2 /* LaunchScreen.storyboard */,
				7CA762251FAFFC2C00088FA2 /* Info.plist */,
			);
			path = ConwayLife;
			sourceTree = "<group>";
		};
		7CA7622D1FAFFC2C00088FA2 /* ConwayLifeTests */ = {
			isa = PBXGroup;
			children = (
				7CA7622E1FAFFC2C00088FA2 /* ConwayLifeTests.swift */,
				7CA762301FAFFC2C00088FA2 /* Info.plist */,
			);
			path = ConwayLifeTests;
			sourceTree = "<group>";
		};
		7CA762381FAFFC2C00088FA2 /* ConwayLifeUITests */ = {
			isa = PBXGroup;
			children = (
				7CA762391FAFFC2C00088FA2 /* ConwayLifeUITests.swift */,
				7CA7623B1FAFFC2C00088FA2 /* Info.plist */,
			);
			path = ConwayLifeUITests;
			sourceTree = "<group>";
		};
/* End PBXGroup section */

/* Begin PBXNativeTarget section */
		7CA762151FAFFC2C00088FA2 /* ConwayLife */ = {
			isa = PBXNativeTarget;
			buildConfigurationList = 7CA7623E1FAFFC2C00088FA2 /* Build configuration list for PBXNativeTarget "ConwayLife" */;
			buildPhases = (
				7CA762121FAFFC2C00088FA2 /* Sources */,
				7CA762131FAFFC2C00088FA2 /* Frameworks */,
				7CA762141FAFFC2C00088FA2 /* Resources */,
			);
			buildRules = (
			);
			dependencies = (
			);
			name = ConwayLife;
			productName = ConwayLife;
			productReference = 7CA762161FAFFC2C00088FA2 /* ConwayLife.app */;
			productType = "com.apple.product-type.application";
		};
		7CA762291FAFFC2C00088FA2 /* ConwayLifeTests */ = {
			isa = PBXNativeTarget;
			buildConfigurationList = 7CA762411FAFFC2C00088FA2 /* Build configuration list for PBXNativeTarget "ConwayLifeTests" */;
			buildPhases = (
				7CA762261FAFFC2C00088FA2 /* Sources */,
				7CA762271FAFFC2C00088FA2 /* Frameworks */,
				7CA762281FAFFC2C00088FA2 /* Resources */,
			);
			buildRules = (
			);
			dependencies = (
				7CA7622C1FAFFC2C00088FA2 /* PBXTargetDependency */,
			);
			name = ConwayLifeTests;
			productName = ConwayLifeTests;
			productReference = 7CA7622A1FAFFC2C00088FA2 /* ConwayLifeTests.xctest */;
			productType = "com.apple.product-type.bundle.unit-test";
		};
		7CA762341FAFFC2C00088FA2 /* ConwayLifeUITests */ = {
			isa = PBXNativeTarget;
			buildConfigurationList = 7CA762441FAFFC2C00088FA2 /* Build configuration list for PBXNativeTarget "ConwayLifeUITests" */;
			buildPhases = (
				7CA762311FAFFC2C00088FA2 /* Sources */,
				7CA762321FAFFC2C00088FA2 /* Frameworks */,
				7CA762331FAFFC2C00088FA2 /* Resources */,
			);
			buildRules = (
			);
			dependencies = (
				7CA762371FAFFC2C00088FA2 /* PBXTargetDependency */,
			);
			name = ConwayLifeUITests;
			productName = ConwayLifeUITests;
			productReference = 7CA762351FAFFC2C00088FA2 /* ConwayLifeUITests.xctest */;
			productType = "com.apple.product-type.bundle.ui-testing";
		};
/* End PBXNativeTarget section */

/* Begin PBXProject section */
		7CA7620E1FAFFC2C00088FA2 /* Project object */ = {
			isa = PBXProject;
			attributes = {
				LastSwiftUpdateCheck = 0910;
				LastUpgradeCheck = 0910;
				ORGANIZATIONNAME = "Drew Wilken";
				TargetAttributes = {
					7CA762151FAFFC2C00088FA2 = {
						CreatedOnToolsVersion = 9.1;
						ProvisioningStyle = Automatic;
					};
					7CA762291FAFFC2C00088FA2 = {
						CreatedOnToolsVersion = 9.1;
						ProvisioningStyle = Automatic;
						TestTargetID = 7CA762151FAFFC2C00088FA2;
					};
					7CA762341FAFFC2C00088FA2 = {
						CreatedOnToolsVersion = 9.1;
						ProvisioningStyle = Automatic;
						TestTargetID = 7CA762151FAFFC2C00088FA2;
					};
				};
			};
			buildConfigurationList = 7CA762111FAFFC2C00088FA2 /* Build configuration list for PBXProject "ConwayLife" */;
			compatibilityVersion = "Xcode 8.0";
			developmentRegion = en;
			hasScannedForEncodings = 0;
			knownRegions = (
				en,
				Base,
			);
			mainGroup = 7CA7620D1FAFFC2C00088FA2;
			productRefGroup = 7CA762171FAFFC2C00088FA2 /* Products */;
			projectDirPath = "";
			projectRoot = "";
			targets = (
				7CA762151FAFFC2C00088FA2 /* ConwayLife */,
				7CA762291FAFFC2C00088FA2 /* ConwayLifeTests */,
				7CA762341FAFFC2C00088FA2 /* ConwayLifeUITests */,
			);
		};
/* End PBXProject section */

/* Begin PBXResourcesBuildPhase section */
		7CA762141FAFFC2C00088FA2 /* Resources */ = {
			isa = PBXResourcesBuildPhase;
			buildActionMask = 2147483647;
			files = (
				7CA762241FAFFC2C00088FA2 /* LaunchScreen.storyboard in Resources */,
				7CA762211FAFFC2C00088FA2 /* Assets.xcassets in Resources */,
				7CA7621F1FAFFC2C00088FA2 /* Main.storyboard in Resources */,
			);
			runOnlyForDeploymentPostprocessing = 0;
		};
		7CA762281FAFFC2C00088FA2 /* Resources */ = {
			isa = PBXResourcesBuildPhase;
			buildActionMask = 2147483647;
			files = (
			);
			runOnlyForDeploymentPostprocessing = 0;
		};
		7CA762331FAFFC2C00088FA2 /* Resources */ = {
			isa = PBXResourcesBuildPhase;
			buildActionMask = 2147483647;
			files = (
			);
			runOnlyForDeploymentPostprocessing = 0;
		};
/* End PBXResourcesBuildPhase section */

/* Begin PBXSourcesBuildPhase section */
		7CA762121FAFFC2C00088FA2 /* Sources */ = {
			isa = PBXSourcesBuildPhase;
			buildActionMask = 2147483647;
			files = (
				7CA7621C1FAFFC2C00088FA2 /* ViewController.swift in Sources */,
				7CA7621A1FAFFC2C00088FA2 /* AppDelegate.swift in Sources */,
			);
			runOnlyForDeploymentPostprocessing = 0;
		};
		7CA762261FAFFC2C00088FA2 /* Sources */ = {
			isa = PBXSourcesBuildPhase;
			buildActionMask = 2147483647;
			files = (
				7CA7622F1FAFFC2C00088FA2 /* ConwayLifeTests.swift in Sources */,
			);
			runOnlyForDeploymentPostprocessing = 0;
		};
		7CA762311FAFFC2C00088FA2 /* Sources */ = {
			isa = PBXSourcesBuildPhase;
			buildActionMask = 2147483647;
			files = (
				7CA7623A1FAFFC2C00088FA2 /* ConwayLifeUITests.swift in Sources */,
			);
			runOnlyForDeploymentPostprocessing = 0;
		};
/* End PBXSourcesBuildPhase section */

/* Begin PBXTargetDependency section */
		7CA7622C1FAFFC2C00088FA2 /* PBXTargetDependency */ = {
			isa = PBXTargetDependency;
			target = 7CA762151FAFFC2C00088FA2 /* ConwayLife */;
			targetProxy = 7CA7622B1FAFFC2C00088FA2 /* PBXContainerItemProxy */;
		};
		7CA762371FAFFC2C00088FA2 /* PBXTargetDependency */ = {
			isa = PBXTargetDependency;
			target = 7CA762151FAFFC2C00088FA2 /* ConwayLife */;
			targetProxy = 7CA762361FAFFC2C00088FA2 /* PBXContainerItemProxy */;
		};
/* End PBXTargetDependency section */

/* Begin PBXVariantGroup section */
		7CA7621D1FAFFC2C00088FA2 /* Main.storyboard */ = {
			isa = PBXVariantGroup;
			children = (
				7CA7621E1FAFFC2C00088FA2 /* Base */,
			);
			name = Main.storyboard;
			sourceTree = "<group>";
		};
		7CA762221FAFFC2C00088FA2 /* LaunchScreen.storyboard */ = {
			isa = PBXVariantGroup;
			children = (
				7CA762231FAFFC2C00088FA2 /* Base */,
			);
			name = LaunchScreen.storyboard;
			sourceTree = "<group>";
		};
/* End PBXVariantGroup section */

/* Begin XCBuildConfiguration section */
		7CA7623C1FAFFC2C00088FA2 /* Debug */ = {
			isa = XCBuildConfiguration;
			buildSettings = {
				ALWAYS_SEARCH_USER_PATHS = NO;
				CLANG_ANALYZER_NONNULL = YES;
				CLANG_ANALYZER_NUMBER_OBJECT_CONVERSION = YES_AGGRESSIVE;
				CLANG_CXX_LANGUAGE_STANDARD = "gnu++14";
				CLANG_CXX_LIBRARY = "libc++";
				CLANG_ENABLE_MODULES = YES;
				CLANG_ENABLE_OBJC_ARC = YES;
				CLANG_WARN_BLOCK_CAPTURE_AUTORELEASING = YES;
				CLANG_WARN_BOOL_CONVERSION = YES;
				CLANG_WARN_COMMA = YES;
				CLANG_WARN_CONSTANT_CONVERSION = YES;
				CLANG_WARN_DIRECT_OBJC_ISA_USAGE = YES_ERROR;
				CLANG_WARN_DOCUMENTATION_COMMENTS = YES;
				CLANG_WARN_EMPTY_BODY = YES;
				CLANG_WARN_ENUM_CONVERSION = YES;
				CLANG_WARN_INFINITE_RECURSION = YES;
				CLANG_WARN_INT_CONVERSION = YES;
				CLANG_WARN_NON_LITERAL_NULL_CONVERSION = YES;
				CLANG_WARN_OBJC_LITERAL_CONVERSION = YES;
				CLANG_WARN_OBJC_ROOT_CLASS = YES_ERROR;
				CLANG_WARN_RANGE_LOOP_ANALYSIS = YES;
				CLANG_WARN_STRICT_PROTOTYPES = YES;
				CLANG_WARN_SUSPICIOUS_MOVE = YES;
				CLANG_WARN_UNGUARDED_AVAILABILITY = YES_AGGRESSIVE;
				CLANG_WARN_UNREACHABLE_CODE = YES;
				CLANG_WARN__DUPLICATE_METHOD_MATCH = YES;
				CODE_SIGN_IDENTITY = "iPhone Developer";
				COPY_PHASE_STRIP = NO;
				DEBUG_INFORMATION_FORMAT = dwarf;
				ENABLE_STRICT_OBJC_MSGSEND = YES;
				ENABLE_TESTABILITY = YES;
				GCC_C_LANGUAGE_STANDARD = gnu11;
				GCC_DYNAMIC_NO_PIC = NO;
				GCC_NO_COMMON_BLOCKS = YES;
				GCC_OPTIMIZATION_LEVEL = 0;
				GCC_PREPROCESSOR_DEFINITIONS = (
					"DEBUG=1",
					"$(inherited)",
				);
				GCC_WARN_64_TO_32_BIT_CONVERSION = YES;
				GCC_WARN_ABOUT_RETURN_TYPE = YES_ERROR;
				GCC_WARN_UNDECLARED_SELECTOR = YES;
				GCC_WARN_UNINITIALIZED_AUTOS = YES_AGGRESSIVE;
				GCC_WARN_UNUSED_FUNCTION = YES;
				GCC_WARN_UNUSED_VARIABLE = YES;
				IPHONEOS_DEPLOYMENT_TARGET = 11.1;
				MTL_ENABLE_DEBUG_INFO = YES;
				ONLY_ACTIVE_ARCH = YES;
				SDKROOT = iphoneos;
				SWIFT_ACTIVE_COMPILATION_CONDITIONS = DEBUG;
				SWIFT_OPTIMIZATION_LEVEL = "-Onone";
			};
			name = Debug;
		};
		7CA7623D1FAFFC2C00088FA2 /* Release */ = {
			isa = XCBuildConfiguration;
			buildSettings = {
				ALWAYS_SEARCH_USER_PATHS = NO;
				CLANG_ANALYZER_NONNULL = YES;
				CLANG_ANALYZER_NUMBER_OBJECT_CONVERSION = YES_AGGRESSIVE;
				CLANG_CXX_LANGUAGE_STANDARD = "gnu++14";
				CLANG_CXX_LIBRARY = "libc++";
				CLANG_ENABLE_MODULES = YES;
				CLANG_ENABLE_OBJC_ARC = YES;
				CLANG_WARN_BLOCK_CAPTURE_AUTORELEASING = YES;
				CLANG_WARN_BOOL_CONVERSION = YES;
				CLANG_WARN_COMMA = YES;
				CLANG_WARN_CONSTANT_CONVERSION = YES;
				CLANG_WARN_DIRECT_OBJC_ISA_USAGE = YES_ERROR;
				CLANG_WARN_DOCUMENTATION_COMMENTS = YES;
				CLANG_WARN_EMPTY_BODY = YES;
				CLANG_WARN_ENUM_CONVERSION = YES;
				CLANG_WARN_INFINITE_RECURSION = YES;
				CLANG_WARN_INT_CONVERSION = YES;
				CLANG_WARN_NON_LITERAL_NULL_CONVERSION = YES;
				CLANG_WARN_OBJC_LITERAL_CONVERSION = YES;
				CLANG_WARN_OBJC_ROOT_CLASS = YES_ERROR;
				CLANG_WARN_RANGE_LOOP_ANALYSIS = YES;
				CLANG_WARN_STRICT_PROTOTYPES = YES;
				CLANG_WARN_SUSPICIOUS_MOVE = YES;
				CLANG_WARN_UNGUARDED_AVAILABILITY = YES_AGGRESSIVE;
				CLANG_WARN_UNREACHABLE_CODE = YES;
				CLANG_WARN__DUPLICATE_METHOD_MATCH = YES;
				CODE_SIGN_IDENTITY = "iPhone Developer";
				COPY_PHASE_STRIP = NO;
				DEBUG_INFORMATION_FORMAT = "dwarf-with-dsym";
				ENABLE_NS_ASSERTIONS = NO;
				ENABLE_STRICT_OBJC_MSGSEND = YES;
				GCC_C_LANGUAGE_STANDARD = gnu11;
				GCC_NO_COMMON_BLOCKS = YES;
				GCC_WARN_64_TO_32_BIT_CONVERSION = YES;
				GCC_WARN_ABOUT_RETURN_TYPE = YES_ERROR;
				GCC_WARN_UNDECLARED_SELECTOR = YES;
				GCC_WARN_UNINITIALIZED_AUTOS = YES_AGGRESSIVE;
				GCC_WARN_UNUSED_FUNCTION = YES;
				GCC_WARN_UNUSED_VARIABLE = YES;
				IPHONEOS_DEPLOYMENT_TARGET = 11.1;
				MTL_ENABLE_DEBUG_INFO = NO;
				SDKROOT = iphoneos;
				SWIFT_OPTIMIZATION_LEVEL = "-Owholemodule";
				VALIDATE_PRODUCT = YES;
			};
			name = Release;
		};
		7CA7623F1FAFFC2C00088FA2 /* Debug */ = {
			isa = XCBuildConfiguration;
			buildSettings = {
				ASSETCATALOG_COMPILER_APPICON_NAME = AppIcon;
				CODE_SIGN_STYLE = Automatic;
				DEVELOPMENT_TEAM = LW4594AH6L;
				INFOPLIST_FILE = ConwayLife/Info.plist;
				LD_RUNPATH_SEARCH_PATHS = "$(inherited) @executable_path/Frameworks";
				PRODUCT_BUNDLE_IDENTIFIER = DrewxWilken.ConwayLife;
				PRODUCT_NAME = "$(TARGET_NAME)";
				SWIFT_VERSION = 4.0;
				TARGETED_DEVICE_FAMILY = "1,2";
			};
			name = Debug;
		};
		7CA762401FAFFC2C00088FA2 /* Release */ = {
			isa = XCBuildConfiguration;
			buildSettings = {
				ASSETCATALOG_COMPILER_APPICON_NAME = AppIcon;
				CODE_SIGN_STYLE = Automatic;
				DEVELOPMENT_TEAM = LW4594AH6L;
				INFOPLIST_FILE = ConwayLife/Info.plist;
				LD_RUNPATH_SEARCH_PATHS = "$(inherited) @executable_path/Frameworks";
				PRODUCT_BUNDLE_IDENTIFIER = DrewxWilken.ConwayLife;
				PRODUCT_NAME = "$(TARGET_NAME)";
				SWIFT_VERSION = 4.0;
				TARGETED_DEVICE_FAMILY = "1,2";
			};
			name = Release;
		};
		7CA762421FAFFC2C00088FA2 /* Debug */ = {
			isa = XCBuildConfiguration;
			buildSettings = {
				ALWAYS_EMBED_SWIFT_STANDARD_LIBRARIES = YES;
				BUNDLE_LOADER = "$(TEST_HOST)";
				CODE_SIGN_STYLE = Automatic;
				DEVELOPMENT_TEAM = LW4594AH6L;
				INFOPLIST_FILE = ConwayLifeTests/Info.plist;
				LD_RUNPATH_SEARCH_PATHS = "$(inherited) @executable_path/Frameworks @loader_path/Frameworks";
				PRODUCT_BUNDLE_IDENTIFIER = DrewxWilken.ConwayLifeTests;
				PRODUCT_NAME = "$(TARGET_NAME)";
				SWIFT_VERSION = 4.0;
				TARGETED_DEVICE_FAMILY = "1,2";
				TEST_HOST = "$(BUILT_PRODUCTS_DIR)/ConwayLife.app/ConwayLife";
			};
			name = Debug;
		};
		7CA762431FAFFC2C00088FA2 /* Release */ = {
			isa = XCBuildConfiguration;
			buildSettings = {
				ALWAYS_EMBED_SWIFT_STANDARD_LIBRARIES = YES;
				BUNDLE_LOADER = "$(TEST_HOST)";
				CODE_SIGN_STYLE = Automatic;
				DEVELOPMENT_TEAM = LW4594AH6L;
				INFOPLIST_FILE = ConwayLifeTests/Info.plist;
				LD_RUNPATH_SEARCH_PATHS = "$(inherited) @executable_path/Frameworks @loader_path/Frameworks";
				PRODUCT_BUNDLE_IDENTIFIER = DrewxWilken.ConwayLifeTests;
				PRODUCT_NAME = "$(TARGET_NAME)";
				SWIFT_VERSION = 4.0;
				TARGETED_DEVICE_FAMILY = "1,2";
				TEST_HOST = "$(BUILT_PRODUCTS_DIR)/ConwayLife.app/ConwayLife";
			};
			name = Release;
		};
		7CA762451FAFFC2C00088FA2 /* Debug */ = {
			isa = XCBuildConfiguration;
			buildSettings = {
				ALWAYS_EMBED_SWIFT_STANDARD_LIBRARIES = YES;
				CODE_SIGN_STYLE = Automatic;
				DEVELOPMENT_TEAM = LW4594AH6L;
				INFOPLIST_FILE = ConwayLifeUITests/Info.plist;
				LD_RUNPATH_SEARCH_PATHS = "$(inherited) @executable_path/Frameworks @loader_path/Frameworks";
				PRODUCT_BUNDLE_IDENTIFIER = DrewxWilken.ConwayLifeUITests;
				PRODUCT_NAME = "$(TARGET_NAME)";
				SWIFT_VERSION = 4.0;
				TARGETED_DEVICE_FAMILY = "1,2";
				TEST_TARGET_NAME = ConwayLife;
			};
			name = Debug;
		};
		7CA762461FAFFC2C00088FA2 /* Release */ = {
			isa = XCBuildConfiguration;
			buildSettings = {
				ALWAYS_EMBED_SWIFT_STANDARD_LIBRARIES = YES;
				CODE_SIGN_STYLE = Automatic;
				DEVELOPMENT_TEAM = LW4594AH6L;
				INFOPLIST_FILE = ConwayLifeUITests/Info.plist;
				LD_RUNPATH_SEARCH_PATHS = "$(inherited) @executable_path/Frameworks @loader_path/Frameworks";
				PRODUCT_BUNDLE_IDENTIFIER = DrewxWilken.ConwayLifeUITests;
				PRODUCT_NAME = "$(TARGET_NAME)";
				SWIFT_VERSION = 4.0;
				TARGETED_DEVICE_FAMILY = "1,2";
				TEST_TARGET_NAME = ConwayLife;
			};
			name = Release;
		};
/* End XCBuildConfiguration section */

/* Begin XCConfigurationList section */
		7CA762111FAFFC2C00088FA2 /* Build configuration list for PBXProject "ConwayLife" */ = {
			isa = XCConfigurationList;
			buildConfigurations = (
				7CA7623C1FAFFC2C00088FA2 /* Debug */,
				7CA7623D1FAFFC2C00088FA2 /* Release */,
			);
			defaultConfigurationIsVisible = 0;
			defaultConfigurationName = Release;
		};
		7CA7623E1FAFFC2C00088FA2 /* Build configuration list for PBXNativeTarget "ConwayLife" */ = {
			isa = XCConfigurationList;
			buildConfigurations = (
				7CA7623F1FAFFC2C00088FA2 /* Debug */,
				7CA762401FAFFC2C00088FA2 /* Release */,
			);
			defaultConfigurationIsVisible = 0;
			defaultConfigurationName = Release;
		};
		7CA762411FAFFC2C00088FA2 /* Build configuration list for PBXNativeTarget "ConwayLifeTests" */ = {
			isa = XCConfigurationList;
			buildConfigurations = (
				7CA762421FAFFC2C00088FA2 /* Debug */,
				7CA762431FAFFC2C00088FA2 /* Release */,
			);
			defaultConfigurationIsVisible = 0;
			defaultConfigurationName = Release;
		};
		7CA762441FAFFC2C00088FA2 /* Build configuration list for PBXNativeTarget "ConwayLifeUITests" */ = {
			isa = XCConfigurationList;
			buildConfigurations = (
				7CA762451FAFFC2C00088FA2 /* Debug */,
				7CA762461FAFFC2C00088FA2 /* Release */,
			);
			defaultConfigurationIsVisible = 0;
			defaultConfigurationName = Release;
		};
/* End XCConfigurationList section */
	};
	rootObject = 7CA7620E1FAFFC2C00088FA2 /* Project object */;
}
